<?xml version="1.0" encoding="utf-8"?>
<Project ToolsVersion="4.0" xmlns="http://schemas.microsoft.com/developer/msbuild/2003">
  <ItemGroup>
    <Filter Include="Source Files">
      <UniqueIdentifier>{4FC737F1-C7A5-4376-A066-2A32D752A2FF}</UniqueIdentifier>
      <Extensions>cpp;c;cc;cxx;def;odl;idl;hpj;bat;asm;asmx</Extensions>
    </Filter>
    <Filter Include="Header Files">
      <UniqueIdentifier>{93995380-89BD-4b04-88EB-625FBE52EBFB}</UniqueIdentifier>
      <Extensions>h;hh;hpp;hxx;hm;inl;inc;ipp;xsd</Extensions>
    </Filter>
    <Filter Include="Resource Files">
      <UniqueIdentifier>{67DA6AB6-F800-4c08-8B7A-83BB121AAD01}</UniqueIdentifier>
      <Extensions>rc;ico;cur;bmp;dlg;rc2;rct;bin;rgs;gif;jpg;jpeg;jpe;resx;tiff;tif;png;wav;mfcribbon-ms</Extensions>
    </Filter>
    <Filter Include="Audience">
      <UniqueIdentifier>{6294e85c-22e5-4d0c-af6c-50b7ccb3a621}</UniqueIdentifier>
    </Filter>
    <Filter Include="Theater">
      <UniqueIdentifier>{1c7f8d4a-87d0-4f06-9f60-d764109e85e4}</UniqueIdentifier>
    </Filter>
    <Filter Include="Audience\Bag">
      <UniqueIdentifier>{b2149e57-5768-4aa4-8eb7-5110c07226f6}</UniqueIdentifier>
    </Filter>
    <Filter Include="Audience\Bag\Invitation">
      <UniqueIdentifier>{165cb984-2869-470c-8fbd-7e0a4f8bbe0f}</UniqueIdentifier>
    </Filter>
    <Filter Include="Theater\TicketOffice">
      <UniqueIdentifier>{98e23680-7c95-49cb-8eca-62e7b49b0dfc}</UniqueIdentifier>
    </Filter>
    <Filter Include="Theater\TicketOffice\TicketSeller">
      <UniqueIdentifier>{be7138f1-29d1-4876-83e7-04c3bbd2a757}</UniqueIdentifier>
    </Filter>
    <Filter Include="Theater\TicketOffice\TicketSeller\Ticket">
      <UniqueIdentifier>{881a1885-f6e9-440c-a1e7-463feb7f014c}</UniqueIdentifier>
    </Filter>
  </ItemGroup>
  <ItemGroup>
    <ClCompile Include="main.cpp">
      <Filter>Source Files</Filter>
    </ClCompile>
    <ClCompile Include="stdafx.cpp">
      <Filter>Source Files</Filter>
    </ClCompile>
    <ClCompile Include="Bag.cpp">
      <Filter>Audience\Bag</Filter>
    </ClCompile>
    <ClCompile Include="Ticket.cpp">
      <Filter>Theater\TicketOffice\TicketSeller\Ticket</Filter>
    </ClCompile>
    <ClCompile Include="Invitation.cpp">
      <Filter>Audience\Bag\Invitation</Filter>
    </ClCompile>
    <ClCompile Include="Audience.cpp">
      <Filter>Audience</Filter>
    </ClCompile>
    <ClCompile Include="TicketOffice.cpp">
      <Filter>Theater\TicketOffice</Filter>
    </ClCompile>
    <ClCompile Include="TicketSeller.cpp">
      <Filter>Theater\TicketOffice\TicketSeller</Filter>
    </ClCompile>
    <ClCompile Include="Theater.cpp">
      <Filter>Theater</Filter>
    </ClCompile>
  </ItemGroup>
  <ItemGroup>
    <ClInclude Include="stdafx.h">
      <Filter>Header Files</Filter>
    </ClInclude>
    <ClInclude Include="Bag.h">
      <Filter>Audience\Bag</Filter>
    </ClInclude>
    <ClInclude Include="Ticket.h">
      <Filter>Theater\TicketOffice\TicketSeller\Ticket</Filter>
    </ClInclude>
    <ClInclude Include="Invitation.h">
      <Filter>Audience\Bag\Invitation</Filter>
    </ClInclude>
    <ClInclude Include="Audience.h">
      <Filter>Audience</Filter>
    </ClInclude>
    <ClInclude Include="TicketOffice.h">
      <Filter>Theater\TicketOffice</Filter>
    </ClInclude>
    <ClInclude Include="TicketSeller.h">
      <Filter>Theater\TicketOffice\TicketSeller</Filter>
    </ClInclude>
    <ClInclude Include="Theater.h">
      <Filter>Theater</Filter>
    </ClInclude>
  </ItemGroup>
</Project>