<?xml version="1.0" encoding="utf-8"?>
<Project ToolsVersion="4.0" xmlns="http://schemas.microsoft.com/developer/msbuild/2003">
  <ItemGroup>
    <Filter Include="Source Files">
      <UniqueIdentifier>{4FC737F1-C7A5-4376-A066-2A32D752A2FF}</UniqueIdentifier>
      <Extensions>cpp;c;cc;cxx;def;odl;idl;hpj;bat;asm;asmx</Extensions>
    </Filter>
    <Filter Include="Header Files">
      <UniqueIdentifier>{93995380-89BD-4b04-88EB-625FBE52EBFB}</UniqueIdentifier>
      <Extensions>h;hh;hpp;hxx;hm;inl;inc;ipp;xsd</Extensions>
    </Filter>
    <Filter Include="Resource Files">
      <UniqueIdentifier>{67DA6AB6-F800-4c08-8B7A-83BB121AAD01}</UniqueIdentifier>
      <Extensions>rc;ico;cur;bmp;dlg;rc2;rct;bin;rgs;gif;jpg;jpeg;jpe;resx;tiff;tif;png;wav;mfcribbon-ms</Extensions>
    </Filter>
    <Filter Include="Money">
      <UniqueIdentifier>{438cac88-7ed5-4133-83a5-fb464864b65b}</UniqueIdentifier>
    </Filter>
    <Filter Include="Movie">
      <UniqueIdentifier>{3bc7a5b6-46bc-4ca1-9f76-57641e093a40}</UniqueIdentifier>
    </Filter>
    <Filter Include="Customer">
      <UniqueIdentifier>{87060273-964c-4c50-aa9a-22064ad6f30b}</UniqueIdentifier>
    </Filter>
    <Filter Include="DiscountPolicy">
      <UniqueIdentifier>{4417dd6e-ad26-4558-8cef-0c39800e0db0}</UniqueIdentifier>
    </Filter>
  </ItemGroup>
  <ItemGroup>
    <ClCompile Include="main.cpp">
      <Filter>Source Files</Filter>
    </ClCompile>
    <ClCompile Include="stdafx.cpp">
      <Filter>Source Files</Filter>
    </ClCompile>
    <ClCompile Include="Money.cpp">
      <Filter>Money</Filter>
    </ClCompile>
    <ClCompile Include="Customer.cpp">
      <Filter>Customer</Filter>
    </ClCompile>
    <ClCompile Include="Movie.cpp">
      <Filter>Movie</Filter>
    </ClCompile>
    <ClCompile Include="DiscountPolicy.cpp">
      <Filter>DiscountPolicy</Filter>
    </ClCompile>
  </ItemGroup>
  <ItemGroup>
    <ClInclude Include="stdafx.h">
      <Filter>Header Files</Filter>
    </ClInclude>
    <ClInclude Include="Money.h">
      <Filter>Money</Filter>
    </ClInclude>
    <ClInclude Include="Movie.h">
      <Filter>Movie</Filter>
    </ClInclude>
    <ClInclude Include="Customer.h">
      <Filter>Customer</Filter>
    </ClInclude>
    <ClInclude Include="DiscountPolicy.h">
      <Filter>DiscountPolicy</Filter>
    </ClInclude>
  </ItemGroup>
</Project>